
Microsoft Visual Studio Solution File, Format Version 12.00
# Visual Studio Version 17
VisualStudioVersion = 17.9.34723.18
MinimumVisualStudioVersion = 10.0.40219.1
Project("{9A19103F-16F7-4668-BE54-9A1E7A4F7556}") = "TaskManagementApp", "TaskManagementApp\TaskManagementApp.csproj", "{FF8546D5-D541-4C7B-BC25-60C60FC2CA08}"
EndProject
Project("{FAE04EC0-301F-11D3-BF4B-00C04F79EFBC}") = "TaskManagementApp.UnitTests", "TaskManagementApp.UnitTests\TaskManagementApp.UnitTests.csproj", "{9AB639A3-4F13-48C5-B25D-F7BF0FFDD4FF}"
EndProject
Global
	GlobalSection(SolutionConfigurationPlatforms) = preSolution
		Debug|Any CPU = Debug|Any CPU
		Release|Any CPU = Release|Any CPU
	EndGlobalSection
	GlobalSection(ProjectConfigurationPlatforms) = postSolution
		{FF8546D5-D541-4C7B-BC25-60C60FC2CA08}.Debug|Any CPU.ActiveCfg = Debug|Any CPU
		{FF8546D5-D541-4C7B-BC25-60C60FC2CA08}.Debug|Any CPU.Build.0 = Debug|Any CPU
		{FF8546D5-D541-4C7B-BC25-60C60FC2CA08}.Release|Any CPU.ActiveCfg = Release|Any CPU
		{FF8546D5-D541-4C7B-BC25-60C60FC2CA08}.Release|Any CPU.Build.0 = Release|Any CPU
		{9AB639A3-4F13-48C5-B25D-F7BF0FFDD4FF}.Debug|Any CPU.ActiveCfg = Debug|Any CPU
		{9AB639A3-4F13-48C5-B25D-F7BF0FFDD4FF}.Debug|Any CPU.Build.0 = Debug|Any CPU
		{9AB639A3-4F13-48C5-B25D-F7BF0FFDD4FF}.Release|Any CPU.ActiveCfg = Release|Any CPU
		{9AB639A3-4F13-48C5-B25D-F7BF0FFDD4FF}.Release|Any CPU.Build.0 = Release|Any CPU
	EndGlobalSection
	GlobalSection(SolutionProperties) = preSolution
		HideSolutionNode = FALSE
	EndGlobalSection
	GlobalSection(ExtensibilityGlobals) = postSolution
		SolutionGuid = {A5FB3FAC-02C3-4B6E-B4B3-C387AAE2BDB6}
	EndGlobalSection
EndGlobal
